
Microsoft Visual Studio Solution File, Format Version 12.00
# Visual Studio Version 17
VisualStudioVersion = 17.1.32421.90
MinimumVisualStudioVersion = 10.0.40219.1
Project("{FAE04EC0-301F-11D3-BF4B-00C04F79EFBC}") = "ShibezDataManager", "ShibezDataManager\ShibezDataManager.csproj", "{8E0F85E7-E6A0-449B-8497-D12E53EFAFEB}"
EndProject
Global
	GlobalSection(SolutionConfigurationPlatforms) = preSolution
		Debug|Any CPU = Debug|Any CPU
		Release|Any CPU = Release|Any CPU
	EndGlobalSection
	GlobalSection(ProjectConfigurationPlatforms) = postSolution
		{8E0F85E7-E6A0-449B-8497-D12E53EFAFEB}.Debug|Any CPU.ActiveCfg = Debug|Any CPU
		{8E0F85E7-E6A0-449B-8497-D12E53EFAFEB}.Debug|Any CPU.Build.0 = Debug|Any CPU
		{8E0F85E7-E6A0-449B-8497-D12E53EFAFEB}.Release|Any CPU.ActiveCfg = Release|Any CPU
		{8E0F85E7-E6A0-449B-8497-D12E53EFAFEB}.Release|Any CPU.Build.0 = Release|Any CPU
	EndGlobalSection
	GlobalSection(SolutionProperties) = preSolution
		HideSolutionNode = FALSE
	EndGlobalSection
	GlobalSection(ExtensibilityGlobals) = postSolution
		SolutionGuid = {680C22B9-1D78-4AA8-8CFD-8035051813FB}
	EndGlobalSection
EndGlobal
